
Microsoft Visual Studio Solution File, Format Version 12.00
# Visual Studio 15
VisualStudioVersion = 15.0.28010.2016
MinimumVisualStudioVersion = 10.0.40219.1
Project("{FAE04EC0-301F-11D3-BF4B-00C04F79EFBC}") = "WebServiceSoa", "WebServiceSoa\WebServiceSoa.csproj", "{B6BDDE47-0AE3-467B-8BBD-A7F21927E57D}"
EndProject
Global
	GlobalSection(SolutionConfigurationPlatforms) = preSolution
		Debug|Any CPU = Debug|Any CPU
		Release|Any CPU = Release|Any CPU
	EndGlobalSection
	GlobalSection(ProjectConfigurationPlatforms) = postSolution
		{B6BDDE47-0AE3-467B-8BBD-A7F21927E57D}.Debug|Any CPU.ActiveCfg = Debug|Any CPU
		{B6BDDE47-0AE3-467B-8BBD-A7F21927E57D}.Debug|Any CPU.Build.0 = Debug|Any CPU
		{B6BDDE47-0AE3-467B-8BBD-A7F21927E57D}.Release|Any CPU.ActiveCfg = Release|Any CPU
		{B6BDDE47-0AE3-467B-8BBD-A7F21927E57D}.Release|Any CPU.Build.0 = Release|Any CPU
	EndGlobalSection
	GlobalSection(SolutionProperties) = preSolution
		HideSolutionNode = FALSE
	EndGlobalSection
	GlobalSection(ExtensibilityGlobals) = postSolution
		SolutionGuid = {7F539A66-130C-4865-BC46-AD436E6BFF2B}
	EndGlobalSection
EndGlobal
